
Microsoft Visual Studio Solution File, Format Version 12.00
# Visual Studio Version 16
VisualStudioVersion = 16.0.30011.22
MinimumVisualStudioVersion = 10.0.40219.1
Project("{FAE04EC0-301F-11D3-BF4B-00C04F79EFBC}") = "Textumbruch.UI", "Textumbruch.UI\Textumbruch.UI.csproj", "{C43E70F2-4BE3-408D-B7CC-157C8C6EBDCD}"
EndProject
Project("{FAE04EC0-301F-11D3-BF4B-00C04F79EFBC}") = "Textumbruch.Logik", "Textumbruch.Logik\Textumbruch.Logik.csproj", "{79DC9698-A5AF-4648-B78F-6770E59F5D7A}"
EndProject
Project("{FAE04EC0-301F-11D3-BF4B-00C04F79EFBC}") = "Textumbruch.Contracts", "Textumbruch.Contracts\Textumbruch.Contracts.csproj", "{9B46F2C1-DC6E-4007-AC18-8AE6B10B22E0}"
EndProject
Project("{FAE04EC0-301F-11D3-BF4B-00C04F79EFBC}") = "Textumbruch.Console", "Textumbruch.Console\Textumbruch.Console.csproj", "{40B54678-E736-470C-8998-8AB35C7131C4}"
EndProject
Global
	GlobalSection(SolutionConfigurationPlatforms) = preSolution
		Debug|Any CPU = Debug|Any CPU
		Release|Any CPU = Release|Any CPU
	EndGlobalSection
	GlobalSection(ProjectConfigurationPlatforms) = postSolution
		{C43E70F2-4BE3-408D-B7CC-157C8C6EBDCD}.Debug|Any CPU.ActiveCfg = Debug|Any CPU
		{C43E70F2-4BE3-408D-B7CC-157C8C6EBDCD}.Debug|Any CPU.Build.0 = Debug|Any CPU
		{C43E70F2-4BE3-408D-B7CC-157C8C6EBDCD}.Release|Any CPU.ActiveCfg = Release|Any CPU
		{C43E70F2-4BE3-408D-B7CC-157C8C6EBDCD}.Release|Any CPU.Build.0 = Release|Any CPU
		{79DC9698-A5AF-4648-B78F-6770E59F5D7A}.Debug|Any CPU.ActiveCfg = Debug|Any CPU
		{79DC9698-A5AF-4648-B78F-6770E59F5D7A}.Debug|Any CPU.Build.0 = Debug|Any CPU
		{79DC9698-A5AF-4648-B78F-6770E59F5D7A}.Release|Any CPU.ActiveCfg = Release|Any CPU
		{79DC9698-A5AF-4648-B78F-6770E59F5D7A}.Release|Any CPU.Build.0 = Release|Any CPU
		{9B46F2C1-DC6E-4007-AC18-8AE6B10B22E0}.Debug|Any CPU.ActiveCfg = Debug|Any CPU
		{9B46F2C1-DC6E-4007-AC18-8AE6B10B22E0}.Debug|Any CPU.Build.0 = Debug|Any CPU
		{9B46F2C1-DC6E-4007-AC18-8AE6B10B22E0}.Release|Any CPU.ActiveCfg = Release|Any CPU
		{9B46F2C1-DC6E-4007-AC18-8AE6B10B22E0}.Release|Any CPU.Build.0 = Release|Any CPU
		{40B54678-E736-470C-8998-8AB35C7131C4}.Debug|Any CPU.ActiveCfg = Debug|Any CPU
		{40B54678-E736-470C-8998-8AB35C7131C4}.Debug|Any CPU.Build.0 = Debug|Any CPU
		{40B54678-E736-470C-8998-8AB35C7131C4}.Release|Any CPU.ActiveCfg = Release|Any CPU
		{40B54678-E736-470C-8998-8AB35C7131C4}.Release|Any CPU.Build.0 = Release|Any CPU
	EndGlobalSection
	GlobalSection(SolutionProperties) = preSolution
		HideSolutionNode = FALSE
	EndGlobalSection
	GlobalSection(ExtensibilityGlobals) = postSolution
		SolutionGuid = {67E34F13-945B-4AEC-BF94-557D3FEE1750}
	EndGlobalSection
EndGlobal
