
Microsoft Visual Studio Solution File, Format Version 12.00
# Visual Studio Version 16
VisualStudioVersion = 16.0.30011.22
MinimumVisualStudioVersion = 10.0.40219.1
Project("{FAE04EC0-301F-11D3-BF4B-00C04F79EFBC}") = "Textumbruch.UI", "Textumbruch.UI\Textumbruch.UI.csproj", "{C43E70F2-4BE3-408D-B7CC-157C8C6EBDCD}"
EndProject
Global
	GlobalSection(SolutionConfigurationPlatforms) = preSolution
		Debug|Any CPU = Debug|Any CPU
		Release|Any CPU = Release|Any CPU
	EndGlobalSection
	GlobalSection(ProjectConfigurationPlatforms) = postSolution
		{C43E70F2-4BE3-408D-B7CC-157C8C6EBDCD}.Debug|Any CPU.ActiveCfg = Debug|Any CPU
		{C43E70F2-4BE3-408D-B7CC-157C8C6EBDCD}.Debug|Any CPU.Build.0 = Debug|Any CPU
		{C43E70F2-4BE3-408D-B7CC-157C8C6EBDCD}.Release|Any CPU.ActiveCfg = Release|Any CPU
		{C43E70F2-4BE3-408D-B7CC-157C8C6EBDCD}.Release|Any CPU.Build.0 = Release|Any CPU
	EndGlobalSection
	GlobalSection(SolutionProperties) = preSolution
		HideSolutionNode = FALSE
	EndGlobalSection
	GlobalSection(ExtensibilityGlobals) = postSolution
		SolutionGuid = {67E34F13-945B-4AEC-BF94-557D3FEE1750}
	EndGlobalSection
EndGlobal
